
Microsoft Visual Studio Solution File, Format Version 12.00
# Visual Studio 15
VisualStudioVersion = 15.0.28307.705
MinimumVisualStudioVersion = 10.0.40219.1
Project("{8BC9CEB8-8B4A-11D0-8D11-00A0C91BC942}") = "BalloonTracker", "BalloonTracker\BalloonTracker.vcxproj", "{A7054205-B950-4CEA-B4A0-54C17EF9FCDA}"
EndProject
Project("{8BC9CEB8-8B4A-11D0-8D11-00A0C91BC942}") = "Test_PanTilt_Connection", "Test_PanTilt_Connection\Test_PanTilt_Connection.vcxproj", "{9E2D66E2-16F8-4D37-AB2B-011EE7FD8F9F}"
EndProject
Project("{8BC9CEB8-8B4A-11D0-8D11-00A0C91BC942}") = "Test_PanTilt_10Seconds", "Test_PanTilt_10Seconds\Test_PanTilt_10Seconds.vcxproj", "{5752269D-FE8B-40A0-828B-69392D5D34F8}"
EndProject
Project("{8BC9CEB8-8B4A-11D0-8D11-00A0C91BC942}") = "Test_PanTilt_1Hour", "Test_PanTilt_1Hour\Test_PanTilt_1Hour.vcxproj", "{4BD15B85-DC4B-4CBE-88A6-6BA57F2BDD3E}"
EndProject
Project("{8BC9CEB8-8B4A-11D0-8D11-00A0C91BC942}") = "IPCameraTest", "IPCameraTest\IPCameraTest.vcxproj", "{0439C1DA-A0FB-4A47-8DC5-68FDCC98C286}"
EndProject
Project("{2150E333-8FDC-42A3-9474-1A3956D46DE8}") = "Solution Items", "Solution Items", "{4F6B5587-A25B-4503-8B30-1736878AB9BE}"
	ProjectSection(SolutionItems) = preProject
		ui\CapstoneUI_exported.m = ui\CapstoneUI_exported.m
		ui\play.png = ui\play.png
		README.md = README.md
		settings descriptions.md = settings descriptions.md
		ui\stop.png = ui\stop.png
	EndProjectSection
EndProject
Project("{8BC9CEB8-8B4A-11D0-8D11-00A0C91BC942}") = "Test_PanTilt_video", "Test_PanTilt_video\Test_PanTilt_video.vcxproj", "{E5845811-96BC-4D6A-8208-476522E1B0B9}"
EndProject
Project("{8BC9CEB8-8B4A-11D0-8D11-00A0C91BC942}") = "Test_PanTilt_Camera_Coord", "Test_PanTilt_Camera_Coord\Test_PanTilt_Camera_Coord.vcxproj", "{21D2F634-C520-4382-85D8-45465F3CD98E}"
EndProject
Project("{8BC9CEB8-8B4A-11D0-8D11-00A0C91BC942}") = "Test_Screenshot", "Test_Screenshot\Test_Screenshot.vcxproj", "{815C0701-5018-4866-85FC-C8B00C6667E3}"
EndProject
Project("{8BC9CEB8-8B4A-11D0-8D11-00A0C91BC942}") = "Test_PanTilt_Angular", "Test_PanTilt_Angular\Test_PanTilt_Angular.vcxproj", "{5037E849-69F6-4C70-8332-BFB5A75FF37C}"
EndProject
Project("{8BC9CEB8-8B4A-11D0-8D11-00A0C91BC942}") = "Test_Network_Communication", "Test_Network_Communication\Test_Network_Communication.vcxproj", "{9ACDEB57-06E4-437C-B67D-416AD7AE03D4}"
EndProject
Project("{8BC9CEB8-8B4A-11D0-8D11-00A0C91BC942}") = "Test_Network_1Hour", "Test_Network_1Hour\Test_Network_1Hour.vcxproj", "{98F01285-E3B4-4CFF-A18D-2F7539D0E77E}"
EndProject
Project("{8BC9CEB8-8B4A-11D0-8D11-00A0C91BC942}") = "Test_FeedbackLoop", "Test_FeedbackLoop\Test_FeedbackLoop.vcxproj", "{6D23CA95-9A7E-452B-A8D5-30C5E38210BE}"
EndProject
Project("{8BC9CEB8-8B4A-11D0-8D11-00A0C91BC942}") = "Test_FeedbackLoop_Full", "Test_FeedbackLoop_Full\Test_FeedbackLoop_Full.vcxproj", "{658D3C50-1DCA-4EE2-BE3E-CA5D371E9A56}"
EndProject
Project("{8BC9CEB8-8B4A-11D0-8D11-00A0C91BC942}") = "Test_Camera_Latency", "Test_Camera_Latency\Test_Camera_Latency.vcxproj", "{D5D510F2-F967-464A-B27F-ADB35B1C7570}"
EndProject
Project("{8BC9CEB8-8B4A-11D0-8D11-00A0C91BC942}") = "Test_Model_001", "Test_Model_001\Test_Model_001.vcxproj", "{8F895C41-2771-4655-83C5-93880ADA81FE}"
EndProject
Project("{8BC9CEB8-8B4A-11D0-8D11-00A0C91BC942}") = "GUI", "GUI\GUI.vcxproj", "{D40DB36E-11D2-475E-9515-43CF53A6828C}"
EndProject
Global
	GlobalSection(SolutionConfigurationPlatforms) = preSolution
		Debug|x64 = Debug|x64
		Debug|x86 = Debug|x86
		Release|x64 = Release|x64
		Release|x86 = Release|x86
	EndGlobalSection
	GlobalSection(ProjectConfigurationPlatforms) = postSolution
		{A7054205-B950-4CEA-B4A0-54C17EF9FCDA}.Debug|x64.ActiveCfg = Debug|x64
		{A7054205-B950-4CEA-B4A0-54C17EF9FCDA}.Debug|x64.Build.0 = Debug|x64
		{A7054205-B950-4CEA-B4A0-54C17EF9FCDA}.Debug|x86.ActiveCfg = Debug|Win32
		{A7054205-B950-4CEA-B4A0-54C17EF9FCDA}.Debug|x86.Build.0 = Debug|Win32
		{A7054205-B950-4CEA-B4A0-54C17EF9FCDA}.Release|x64.ActiveCfg = Release|x64
		{A7054205-B950-4CEA-B4A0-54C17EF9FCDA}.Release|x64.Build.0 = Release|x64
		{A7054205-B950-4CEA-B4A0-54C17EF9FCDA}.Release|x86.ActiveCfg = Release|Win32
		{A7054205-B950-4CEA-B4A0-54C17EF9FCDA}.Release|x86.Build.0 = Release|Win32
		{9E2D66E2-16F8-4D37-AB2B-011EE7FD8F9F}.Debug|x64.ActiveCfg = Debug|x64
		{9E2D66E2-16F8-4D37-AB2B-011EE7FD8F9F}.Debug|x64.Build.0 = Debug|x64
		{9E2D66E2-16F8-4D37-AB2B-011EE7FD8F9F}.Debug|x86.ActiveCfg = Debug|Win32
		{9E2D66E2-16F8-4D37-AB2B-011EE7FD8F9F}.Debug|x86.Build.0 = Debug|Win32
		{9E2D66E2-16F8-4D37-AB2B-011EE7FD8F9F}.Release|x64.ActiveCfg = Release|x64
		{9E2D66E2-16F8-4D37-AB2B-011EE7FD8F9F}.Release|x64.Build.0 = Release|x64
		{9E2D66E2-16F8-4D37-AB2B-011EE7FD8F9F}.Release|x86.ActiveCfg = Release|Win32
		{9E2D66E2-16F8-4D37-AB2B-011EE7FD8F9F}.Release|x86.Build.0 = Release|Win32
		{5752269D-FE8B-40A0-828B-69392D5D34F8}.Debug|x64.ActiveCfg = Debug|x64
		{5752269D-FE8B-40A0-828B-69392D5D34F8}.Debug|x64.Build.0 = Debug|x64
		{5752269D-FE8B-40A0-828B-69392D5D34F8}.Debug|x86.ActiveCfg = Debug|Win32
		{5752269D-FE8B-40A0-828B-69392D5D34F8}.Debug|x86.Build.0 = Debug|Win32
		{5752269D-FE8B-40A0-828B-69392D5D34F8}.Release|x64.ActiveCfg = Release|x64
		{5752269D-FE8B-40A0-828B-69392D5D34F8}.Release|x64.Build.0 = Release|x64
		{5752269D-FE8B-40A0-828B-69392D5D34F8}.Release|x86.ActiveCfg = Release|Win32
		{5752269D-FE8B-40A0-828B-69392D5D34F8}.Release|x86.Build.0 = Release|Win32
		{4BD15B85-DC4B-4CBE-88A6-6BA57F2BDD3E}.Debug|x64.ActiveCfg = Debug|x64
		{4BD15B85-DC4B-4CBE-88A6-6BA57F2BDD3E}.Debug|x64.Build.0 = Debug|x64
		{4BD15B85-DC4B-4CBE-88A6-6BA57F2BDD3E}.Debug|x86.ActiveCfg = Debug|Win32
		{4BD15B85-DC4B-4CBE-88A6-6BA57F2BDD3E}.Debug|x86.Build.0 = Debug|Win32
		{4BD15B85-DC4B-4CBE-88A6-6BA57F2BDD3E}.Release|x64.ActiveCfg = Release|x64
		{4BD15B85-DC4B-4CBE-88A6-6BA57F2BDD3E}.Release|x64.Build.0 = Release|x64
		{4BD15B85-DC4B-4CBE-88A6-6BA57F2BDD3E}.Release|x86.ActiveCfg = Release|Win32
		{4BD15B85-DC4B-4CBE-88A6-6BA57F2BDD3E}.Release|x86.Build.0 = Release|Win32
		{0439C1DA-A0FB-4A47-8DC5-68FDCC98C286}.Debug|x64.ActiveCfg = Debug|x64
		{0439C1DA-A0FB-4A47-8DC5-68FDCC98C286}.Debug|x64.Build.0 = Debug|x64
		{0439C1DA-A0FB-4A47-8DC5-68FDCC98C286}.Debug|x86.ActiveCfg = Debug|Win32
		{0439C1DA-A0FB-4A47-8DC5-68FDCC98C286}.Debug|x86.Build.0 = Debug|Win32
		{0439C1DA-A0FB-4A47-8DC5-68FDCC98C286}.Release|x64.ActiveCfg = Release|x64
		{0439C1DA-A0FB-4A47-8DC5-68FDCC98C286}.Release|x64.Build.0 = Release|x64
		{0439C1DA-A0FB-4A47-8DC5-68FDCC98C286}.Release|x86.ActiveCfg = Release|Win32
		{0439C1DA-A0FB-4A47-8DC5-68FDCC98C286}.Release|x86.Build.0 = Release|Win32
		{E5845811-96BC-4D6A-8208-476522E1B0B9}.Debug|x64.ActiveCfg = Debug|x64
		{E5845811-96BC-4D6A-8208-476522E1B0B9}.Debug|x64.Build.0 = Debug|x64
		{E5845811-96BC-4D6A-8208-476522E1B0B9}.Debug|x86.ActiveCfg = Debug|Win32
		{E5845811-96BC-4D6A-8208-476522E1B0B9}.Debug|x86.Build.0 = Debug|Win32
		{E5845811-96BC-4D6A-8208-476522E1B0B9}.Release|x64.ActiveCfg = Release|x64
		{E5845811-96BC-4D6A-8208-476522E1B0B9}.Release|x64.Build.0 = Release|x64
		{E5845811-96BC-4D6A-8208-476522E1B0B9}.Release|x86.ActiveCfg = Release|Win32
		{E5845811-96BC-4D6A-8208-476522E1B0B9}.Release|x86.Build.0 = Release|Win32
		{21D2F634-C520-4382-85D8-45465F3CD98E}.Debug|x64.ActiveCfg = Debug|x64
		{21D2F634-C520-4382-85D8-45465F3CD98E}.Debug|x64.Build.0 = Debug|x64
		{21D2F634-C520-4382-85D8-45465F3CD98E}.Debug|x86.ActiveCfg = Debug|Win32
		{21D2F634-C520-4382-85D8-45465F3CD98E}.Debug|x86.Build.0 = Debug|Win32
		{21D2F634-C520-4382-85D8-45465F3CD98E}.Release|x64.ActiveCfg = Release|x64
		{21D2F634-C520-4382-85D8-45465F3CD98E}.Release|x64.Build.0 = Release|x64
		{21D2F634-C520-4382-85D8-45465F3CD98E}.Release|x86.ActiveCfg = Release|Win32
		{21D2F634-C520-4382-85D8-45465F3CD98E}.Release|x86.Build.0 = Release|Win32
		{815C0701-5018-4866-85FC-C8B00C6667E3}.Debug|x64.ActiveCfg = Debug|x64
		{815C0701-5018-4866-85FC-C8B00C6667E3}.Debug|x64.Build.0 = Debug|x64
		{815C0701-5018-4866-85FC-C8B00C6667E3}.Debug|x86.ActiveCfg = Debug|Win32
		{815C0701-5018-4866-85FC-C8B00C6667E3}.Debug|x86.Build.0 = Debug|Win32
		{815C0701-5018-4866-85FC-C8B00C6667E3}.Release|x64.ActiveCfg = Release|x64
		{815C0701-5018-4866-85FC-C8B00C6667E3}.Release|x64.Build.0 = Release|x64
		{815C0701-5018-4866-85FC-C8B00C6667E3}.Release|x86.ActiveCfg = Release|Win32
		{815C0701-5018-4866-85FC-C8B00C6667E3}.Release|x86.Build.0 = Release|Win32
		{5037E849-69F6-4C70-8332-BFB5A75FF37C}.Debug|x64.ActiveCfg = Debug|x64
		{5037E849-69F6-4C70-8332-BFB5A75FF37C}.Debug|x64.Build.0 = Debug|x64
		{5037E849-69F6-4C70-8332-BFB5A75FF37C}.Debug|x86.ActiveCfg = Debug|Win32
		{5037E849-69F6-4C70-8332-BFB5A75FF37C}.Debug|x86.Build.0 = Debug|Win32
		{5037E849-69F6-4C70-8332-BFB5A75FF37C}.Release|x64.ActiveCfg = Release|x64
		{5037E849-69F6-4C70-8332-BFB5A75FF37C}.Release|x64.Build.0 = Release|x64
		{5037E849-69F6-4C70-8332-BFB5A75FF37C}.Release|x86.ActiveCfg = Release|Win32
		{5037E849-69F6-4C70-8332-BFB5A75FF37C}.Release|x86.Build.0 = Release|Win32
		{9ACDEB57-06E4-437C-B67D-416AD7AE03D4}.Debug|x64.ActiveCfg = Debug|x64
		{9ACDEB57-06E4-437C-B67D-416AD7AE03D4}.Debug|x64.Build.0 = Debug|x64
		{9ACDEB57-06E4-437C-B67D-416AD7AE03D4}.Debug|x86.ActiveCfg = Debug|Win32
		{9ACDEB57-06E4-437C-B67D-416AD7AE03D4}.Debug|x86.Build.0 = Debug|Win32
		{9ACDEB57-06E4-437C-B67D-416AD7AE03D4}.Release|x64.ActiveCfg = Release|x64
		{9ACDEB57-06E4-437C-B67D-416AD7AE03D4}.Release|x64.Build.0 = Release|x64
		{9ACDEB57-06E4-437C-B67D-416AD7AE03D4}.Release|x86.ActiveCfg = Release|Win32
		{9ACDEB57-06E4-437C-B67D-416AD7AE03D4}.Release|x86.Build.0 = Release|Win32
		{98F01285-E3B4-4CFF-A18D-2F7539D0E77E}.Debug|x64.ActiveCfg = Debug|x64
		{98F01285-E3B4-4CFF-A18D-2F7539D0E77E}.Debug|x64.Build.0 = Debug|x64
		{98F01285-E3B4-4CFF-A18D-2F7539D0E77E}.Debug|x86.ActiveCfg = Debug|Win32
		{98F01285-E3B4-4CFF-A18D-2F7539D0E77E}.Debug|x86.Build.0 = Debug|Win32
		{98F01285-E3B4-4CFF-A18D-2F7539D0E77E}.Release|x64.ActiveCfg = Release|x64
		{98F01285-E3B4-4CFF-A18D-2F7539D0E77E}.Release|x64.Build.0 = Release|x64
		{98F01285-E3B4-4CFF-A18D-2F7539D0E77E}.Release|x86.ActiveCfg = Release|Win32
		{98F01285-E3B4-4CFF-A18D-2F7539D0E77E}.Release|x86.Build.0 = Release|Win32
		{6D23CA95-9A7E-452B-A8D5-30C5E38210BE}.Debug|x64.ActiveCfg = Debug|x64
		{6D23CA95-9A7E-452B-A8D5-30C5E38210BE}.Debug|x64.Build.0 = Debug|x64
		{6D23CA95-9A7E-452B-A8D5-30C5E38210BE}.Debug|x86.ActiveCfg = Debug|Win32
		{6D23CA95-9A7E-452B-A8D5-30C5E38210BE}.Debug|x86.Build.0 = Debug|Win32
		{6D23CA95-9A7E-452B-A8D5-30C5E38210BE}.Release|x64.ActiveCfg = Release|x64
		{6D23CA95-9A7E-452B-A8D5-30C5E38210BE}.Release|x64.Build.0 = Release|x64
		{6D23CA95-9A7E-452B-A8D5-30C5E38210BE}.Release|x86.ActiveCfg = Release|Win32
		{6D23CA95-9A7E-452B-A8D5-30C5E38210BE}.Release|x86.Build.0 = Release|Win32
		{658D3C50-1DCA-4EE2-BE3E-CA5D371E9A56}.Debug|x64.ActiveCfg = Debug|x64
		{658D3C50-1DCA-4EE2-BE3E-CA5D371E9A56}.Debug|x64.Build.0 = Debug|x64
		{658D3C50-1DCA-4EE2-BE3E-CA5D371E9A56}.Debug|x86.ActiveCfg = Debug|Win32
		{658D3C50-1DCA-4EE2-BE3E-CA5D371E9A56}.Debug|x86.Build.0 = Debug|Win32
		{658D3C50-1DCA-4EE2-BE3E-CA5D371E9A56}.Release|x64.ActiveCfg = Release|x64
		{658D3C50-1DCA-4EE2-BE3E-CA5D371E9A56}.Release|x64.Build.0 = Release|x64
		{658D3C50-1DCA-4EE2-BE3E-CA5D371E9A56}.Release|x86.ActiveCfg = Release|Win32
		{658D3C50-1DCA-4EE2-BE3E-CA5D371E9A56}.Release|x86.Build.0 = Release|Win32
		{D5D510F2-F967-464A-B27F-ADB35B1C7570}.Debug|x64.ActiveCfg = Debug|x64
		{D5D510F2-F967-464A-B27F-ADB35B1C7570}.Debug|x64.Build.0 = Debug|x64
		{D5D510F2-F967-464A-B27F-ADB35B1C7570}.Debug|x86.ActiveCfg = Debug|Win32
		{D5D510F2-F967-464A-B27F-ADB35B1C7570}.Debug|x86.Build.0 = Debug|Win32
		{D5D510F2-F967-464A-B27F-ADB35B1C7570}.Release|x64.ActiveCfg = Release|x64
		{D5D510F2-F967-464A-B27F-ADB35B1C7570}.Release|x64.Build.0 = Release|x64
		{D5D510F2-F967-464A-B27F-ADB35B1C7570}.Release|x86.ActiveCfg = Release|Win32
		{D5D510F2-F967-464A-B27F-ADB35B1C7570}.Release|x86.Build.0 = Release|Win32
		{8F895C41-2771-4655-83C5-93880ADA81FE}.Debug|x64.ActiveCfg = Debug|x64
		{8F895C41-2771-4655-83C5-93880ADA81FE}.Debug|x64.Build.0 = Debug|x64
		{8F895C41-2771-4655-83C5-93880ADA81FE}.Debug|x86.ActiveCfg = Debug|Win32
		{8F895C41-2771-4655-83C5-93880ADA81FE}.Debug|x86.Build.0 = Debug|Win32
		{8F895C41-2771-4655-83C5-93880ADA81FE}.Release|x64.ActiveCfg = Release|x64
		{8F895C41-2771-4655-83C5-93880ADA81FE}.Release|x64.Build.0 = Release|x64
		{8F895C41-2771-4655-83C5-93880ADA81FE}.Release|x86.ActiveCfg = Release|Win32
		{8F895C41-2771-4655-83C5-93880ADA81FE}.Release|x86.Build.0 = Release|Win32
		{D40DB36E-11D2-475E-9515-43CF53A6828C}.Debug|x64.ActiveCfg = Debug|x64
		{D40DB36E-11D2-475E-9515-43CF53A6828C}.Debug|x64.Build.0 = Debug|x64
		{D40DB36E-11D2-475E-9515-43CF53A6828C}.Debug|x86.ActiveCfg = Debug|Win32
		{D40DB36E-11D2-475E-9515-43CF53A6828C}.Debug|x86.Build.0 = Debug|Win32
		{D40DB36E-11D2-475E-9515-43CF53A6828C}.Release|x64.ActiveCfg = Release|x64
		{D40DB36E-11D2-475E-9515-43CF53A6828C}.Release|x64.Build.0 = Release|x64
		{D40DB36E-11D2-475E-9515-43CF53A6828C}.Release|x86.ActiveCfg = Release|Win32
		{D40DB36E-11D2-475E-9515-43CF53A6828C}.Release|x86.Build.0 = Release|Win32
	EndGlobalSection
	GlobalSection(SolutionProperties) = preSolution
		HideSolutionNode = FALSE
	EndGlobalSection
	GlobalSection(ExtensibilityGlobals) = postSolution
		SolutionGuid = {A43A735D-D673-4FC3-99DD-0E43285C778E}
	EndGlobalSection
EndGlobal
